
Microsoft Visual Studio Solution File, Format Version 12.00
# Visual Studio Version 17
VisualStudioVersion = 17.7.34202.233
MinimumVisualStudioVersion = 10.0.40219.1
Project("{FAE04EC0-301F-11D3-BF4B-00C04F79EFBC}") = "Proto_lab5", "Proto_lab5\Proto_lab5.csproj", "{AD7AFEF1-5883-4C1C-9AB2-517306AC10DF}"
EndProject
Global
	GlobalSection(SolutionConfigurationPlatforms) = preSolution
		Debug|Any CPU = Debug|Any CPU
		Release|Any CPU = Release|Any CPU
	EndGlobalSection
	GlobalSection(ProjectConfigurationPlatforms) = postSolution
		{AD7AFEF1-5883-4C1C-9AB2-517306AC10DF}.Debug|Any CPU.ActiveCfg = Debug|Any CPU
		{AD7AFEF1-5883-4C1C-9AB2-517306AC10DF}.Debug|Any CPU.Build.0 = Debug|Any CPU
		{AD7AFEF1-5883-4C1C-9AB2-517306AC10DF}.Release|Any CPU.ActiveCfg = Release|Any CPU
		{AD7AFEF1-5883-4C1C-9AB2-517306AC10DF}.Release|Any CPU.Build.0 = Release|Any CPU
	EndGlobalSection
	GlobalSection(SolutionProperties) = preSolution
		HideSolutionNode = FALSE
	EndGlobalSection
	GlobalSection(ExtensibilityGlobals) = postSolution
		SolutionGuid = {B1BDC081-2C32-4868-AA9B-E420512EEBB1}
	EndGlobalSection
EndGlobal
